
Microsoft Visual Studio Solution File, Format Version 12.00
# Visual Studio Version 17
VisualStudioVersion = 17.5.2.0
MinimumVisualStudioVersion = 10.0.40219.1
Project("{FAE04EC0-301F-11D3-BF4B-00C04F79EFBC}") = "MovieTracker.API", "MovieTracker.API\MovieTracker.API.csproj", "{04983D14-B30B-575E-0548-1B405760A75F}"
EndProject
Project("{2150E333-8FDC-42A3-9474-1A3956D46DE8}") = "tests", "tests", "{0AB3BF05-4346-4AA6-1389-037BE0695223}"
EndProject
Project("{FAE04EC0-301F-11D3-BF4B-00C04F79EFBC}") = "MovieTracker.API.Tests", "tests\MovieTracker.API.Tests\MovieTracker.API.Tests.csproj", "{6CC587BD-8502-45CA-A89C-472465150D36}"
EndProject
Global
	GlobalSection(SolutionConfigurationPlatforms) = preSolution
		Debug|Any CPU = Debug|Any CPU
		Debug|x64 = Debug|x64
		Debug|x86 = Debug|x86
		Release|Any CPU = Release|Any CPU
		Release|x64 = Release|x64
		Release|x86 = Release|x86
	EndGlobalSection
	GlobalSection(ProjectConfigurationPlatforms) = postSolution
		{04983D14-B30B-575E-0548-1B405760A75F}.Debug|Any CPU.ActiveCfg = Debug|Any CPU
		{04983D14-B30B-575E-0548-1B405760A75F}.Debug|Any CPU.Build.0 = Debug|Any CPU
		{04983D14-B30B-575E-0548-1B405760A75F}.Debug|x64.ActiveCfg = Debug|Any CPU
		{04983D14-B30B-575E-0548-1B405760A75F}.Debug|x64.Build.0 = Debug|Any CPU
		{04983D14-B30B-575E-0548-1B405760A75F}.Debug|x86.ActiveCfg = Debug|Any CPU
		{04983D14-B30B-575E-0548-1B405760A75F}.Debug|x86.Build.0 = Debug|Any CPU
		{04983D14-B30B-575E-0548-1B405760A75F}.Release|Any CPU.ActiveCfg = Release|Any CPU
		{04983D14-B30B-575E-0548-1B405760A75F}.Release|Any CPU.Build.0 = Release|Any CPU
		{04983D14-B30B-575E-0548-1B405760A75F}.Release|x64.ActiveCfg = Release|Any CPU
		{04983D14-B30B-575E-0548-1B405760A75F}.Release|x64.Build.0 = Release|Any CPU
		{04983D14-B30B-575E-0548-1B405760A75F}.Release|x86.ActiveCfg = Release|Any CPU
		{04983D14-B30B-575E-0548-1B405760A75F}.Release|x86.Build.0 = Release|Any CPU
		{6CC587BD-8502-45CA-A89C-472465150D36}.Debug|Any CPU.ActiveCfg = Debug|Any CPU
		{6CC587BD-8502-45CA-A89C-472465150D36}.Debug|Any CPU.Build.0 = Debug|Any CPU
		{6CC587BD-8502-45CA-A89C-472465150D36}.Debug|x64.ActiveCfg = Debug|Any CPU
		{6CC587BD-8502-45CA-A89C-472465150D36}.Debug|x64.Build.0 = Debug|Any CPU
		{6CC587BD-8502-45CA-A89C-472465150D36}.Debug|x86.ActiveCfg = Debug|Any CPU
		{6CC587BD-8502-45CA-A89C-472465150D36}.Debug|x86.Build.0 = Debug|Any CPU
		{6CC587BD-8502-45CA-A89C-472465150D36}.Release|Any CPU.ActiveCfg = Release|Any CPU
		{6CC587BD-8502-45CA-A89C-472465150D36}.Release|Any CPU.Build.0 = Release|Any CPU
		{6CC587BD-8502-45CA-A89C-472465150D36}.Release|x64.ActiveCfg = Release|Any CPU
		{6CC587BD-8502-45CA-A89C-472465150D36}.Release|x64.Build.0 = Release|Any CPU
		{6CC587BD-8502-45CA-A89C-472465150D36}.Release|x86.ActiveCfg = Release|Any CPU
		{6CC587BD-8502-45CA-A89C-472465150D36}.Release|x86.Build.0 = Release|Any CPU
	EndGlobalSection
	GlobalSection(SolutionProperties) = preSolution
		HideSolutionNode = FALSE
	EndGlobalSection
	GlobalSection(NestedProjects) = preSolution
		{6CC587BD-8502-45CA-A89C-472465150D36} = {0AB3BF05-4346-4AA6-1389-037BE0695223}
	EndGlobalSection
	GlobalSection(ExtensibilityGlobals) = postSolution
		SolutionGuid = {91D86882-D0A6-4E54-84A9-934BA8758323}
	EndGlobalSection
EndGlobal
